
Microsoft Visual Studio Solution File, Format Version 12.00
# Visual Studio Version 16
VisualStudioVersion = 16.0.30413.136
MinimumVisualStudioVersion = 10.0.40219.1
Project("{FAE04EC0-301F-11D3-BF4B-00C04F79EFBC}") = "ActividadUT3_2_Layout_9", "ActividadUT3_2_Layout_9\ActividadUT3_2_Layout_9.csproj", "{7B07A4A1-E086-47F7-9048-AE663BC22122}"
EndProject
Global
	GlobalSection(SolutionConfigurationPlatforms) = preSolution
		Debug|Any CPU = Debug|Any CPU
		Release|Any CPU = Release|Any CPU
	EndGlobalSection
	GlobalSection(ProjectConfigurationPlatforms) = postSolution
		{7B07A4A1-E086-47F7-9048-AE663BC22122}.Debug|Any CPU.ActiveCfg = Debug|Any CPU
		{7B07A4A1-E086-47F7-9048-AE663BC22122}.Debug|Any CPU.Build.0 = Debug|Any CPU
		{7B07A4A1-E086-47F7-9048-AE663BC22122}.Release|Any CPU.ActiveCfg = Release|Any CPU
		{7B07A4A1-E086-47F7-9048-AE663BC22122}.Release|Any CPU.Build.0 = Release|Any CPU
	EndGlobalSection
	GlobalSection(SolutionProperties) = preSolution
		HideSolutionNode = FALSE
	EndGlobalSection
	GlobalSection(ExtensibilityGlobals) = postSolution
		SolutionGuid = {02665E1A-C3BC-40C1-BAE3-672179AA7FB4}
	EndGlobalSection
EndGlobal
